
Microsoft Visual Studio Solution File, Format Version 12.00
# Visual Studio Version 17
VisualStudioVersion = 17.3.32929.385
MinimumVisualStudioVersion = 10.0.40219.1
Project("{FAE04EC0-301F-11D3-BF4B-00C04F79EFBC}") = "Lista22", "Lista22.csproj", "{A5567075-BBA5-4BD1-A48E-CDEFF59A2C1E}"
EndProject
Global
	GlobalSection(SolutionConfigurationPlatforms) = preSolution
		Debug|Any CPU = Debug|Any CPU
		Release|Any CPU = Release|Any CPU
	EndGlobalSection
	GlobalSection(ProjectConfigurationPlatforms) = postSolution
		{A5567075-BBA5-4BD1-A48E-CDEFF59A2C1E}.Debug|Any CPU.ActiveCfg = Debug|Any CPU
		{A5567075-BBA5-4BD1-A48E-CDEFF59A2C1E}.Debug|Any CPU.Build.0 = Debug|Any CPU
		{A5567075-BBA5-4BD1-A48E-CDEFF59A2C1E}.Release|Any CPU.ActiveCfg = Release|Any CPU
		{A5567075-BBA5-4BD1-A48E-CDEFF59A2C1E}.Release|Any CPU.Build.0 = Release|Any CPU
	EndGlobalSection
	GlobalSection(SolutionProperties) = preSolution
		HideSolutionNode = FALSE
	EndGlobalSection
	GlobalSection(ExtensibilityGlobals) = postSolution
		SolutionGuid = {6F0715D5-4414-4F64-BD04-C6B710FA00C8}
	EndGlobalSection
EndGlobal
